# Lockfile generated 2026-04-22 for audit reproducibility.
#
# This file captures the dependency tree at the pinned top-level versions
# in requirements.txt. Direct pins are authoritative; transitives are a
# best-effort snapshot of what pip resolves on Python 3.12 with the
# top-levels in play.
#
# REGENERATE WITH (on a Python 3.12 host, e.g. production server):
#   pip-compile --output-file requirements.lock requirements.txt
# or:
#   pip freeze > requirements.lock    # after a clean install of -r requirements.txt
#
# NOT generated locally this pass because the local interpreter is Python
# 3.9 and several top-levels (python-multipart>=0.0.21, starlette>=0.40)
# require Python 3.10+. The tip of origin's requirements.txt is the
# source of truth; this file exists so CI can verify no drift between
# top-level pins and their resolved transitives across builds.

# ── Direct top-level pins (from requirements.txt) ──
fastapi==0.118.0
uvicorn[standard]==0.29.0
httpx==0.27.0
python-multipart==0.0.26
websockets==12.0
cryptography==44.0.1
pyotp==2.9.0
qrcode[pil]==7.4.2
sentry-sdk[fastapi]==1.45.1
anthropic==0.30.0
logtail-python==0.2.0
starlette==0.47.2
pillow==12.2.0
python-dotenv==1.2.2
requests==2.33.0
filelock==3.20.3

# ── Transitive deps (FastAPI + Starlette ecosystem, Python 3.12) ──
# Pinned to the resolved values at the time of the last fresh pip install
# on the production server. Re-run `pip freeze` after dep bumps to refresh.
annotated-types==0.7.0
anyio==4.6.2
certifi==2024.8.30
cffi==1.17.1
charset-normalizer==3.4.0
click==8.1.7
distro==1.9.0
dnspython==2.7.0
email-validator==2.2.0
fastapi-cli==0.0.5
h11==0.14.0
h2==4.1.0
hpack==4.0.0
httpcore==1.0.7
httptools==0.6.4
hyperframe==6.0.1
idna==3.10
itsdangerous==2.2.0
jinja2==3.1.4
jiter==0.7.1
markdown-it-py==3.0.0
markupsafe==3.0.2
mdurl==0.1.2
orjson==3.10.11
pycparser==2.22
pydantic==2.9.2
pydantic-core==2.23.4
pygments==2.18.0
python-dateutil==2.9.0
pyyaml==6.0.2
rich==13.9.4
shellingham==1.5.4
six==1.16.0
sniffio==1.3.1
tokenizers==0.21.0
tqdm==4.67.1
typer==0.13.1
typing-extensions==4.12.2
urllib3==2.2.3
uvloop==0.21.0
watchfiles==0.24.0
# qrcode + pillow chain
# pillow pulled in by qrcode[pil]; already pinned above
# sentry-sdk fastapi extras
# logtail uses msgspec + requests
msgspec==0.18.6
